
Microsoft Visual Studio Solution File, Format Version 12.00
Project("{FAE04EC0-301F-11D3-BF4B-00C04F79EFBC}") = "EasyInventory-Backend", "EasyInventory-Backend\EasyInventory-Backend.csproj", "{B494105E-5BE3-443A-B34B-8012D54D247F}"
EndProject
Global
	GlobalSection(SolutionConfigurationPlatforms) = preSolution
		Debug|Any CPU = Debug|Any CPU
		Release|Any CPU = Release|Any CPU
	EndGlobalSection
	GlobalSection(ProjectConfigurationPlatforms) = postSolution
		{B494105E-5BE3-443A-B34B-8012D54D247F}.Debug|Any CPU.ActiveCfg = Debug|Any CPU
		{B494105E-5BE3-443A-B34B-8012D54D247F}.Debug|Any CPU.Build.0 = Debug|Any CPU
		{B494105E-5BE3-443A-B34B-8012D54D247F}.Release|Any CPU.ActiveCfg = Release|Any CPU
		{B494105E-5BE3-443A-B34B-8012D54D247F}.Release|Any CPU.Build.0 = Release|Any CPU
	EndGlobalSection
EndGlobal
